// !$*UTF8*$!
{
	archiveVersion = 1;
	classes = {
	};
	objectVersion = 50;
	objects = {

/* Begin PBXBuildFile section */
		089B6ECC21F062C70031916E /* AppDelegate.swift in Sources */ = {isa = PBXBuildFile; fileRef = 089B6ECB21F062C70031916E /* AppDelegate.swift */; };
		089B6ECE21F062C70031916E /* ViewController.swift in Sources */ = {isa = PBXBuildFile; fileRef = 089B6ECD21F062C70031916E /* ViewController.swift */; };
		089B6ED121F062C70031916E /* Main.storyboard in Resources */ = {isa = PBXBuildFile; fileRef = 089B6ECF21F062C70031916E /* Main.storyboard */; };
		089B6ED321F062CA0031916E /* Assets.xcassets in Resources */ = {isa = PBXBuildFile; fileRef = 089B6ED221F062CA0031916E /* Assets.xcassets */; };
		089B6ED621F062CA0031916E /* LaunchScreen.storyboard in Resources */ = {isa = PBXBuildFile; fileRef = 089B6ED421F062CA0031916E /* LaunchScreen.storyboard */; };
		089B6EE121F062CA0031916E /* MVVMPOCTests.swift in Sources */ = {isa = PBXBuildFile; fileRef = 089B6EE021F062CA0031916E /* MVVMPOCTests.swift */; };
		089B6EEC21F062CA0031916E /* MVVMPOCUITests.swift in Sources */ = {isa = PBXBuildFile; fileRef = 089B6EEB21F062CA0031916E /* MVVMPOCUITests.swift */; };
/* End PBXBuildFile section */

/* Begin PBXContainerItemProxy section */
		089B6EDD21F062CA0031916E /* PBXContainerItemProxy */ = {
			isa = PBXContainerItemProxy;
			containerPortal = 089B6EC021F062C70031916E /* Project object */;
			proxyType = 1;
			remoteGlobalIDString = 089B6EC721F062C70031916E;
			remoteInfo = MVVMPOC;
		};
		089B6EE821F062CA0031916E /* PBXContainerItemProxy */ = {
			isa = PBXContainerItemProxy;
			containerPortal = 089B6EC021F062C70031916E /* Project object */;
			proxyType = 1;
			remoteGlobalIDString = 089B6EC721F062C70031916E;
			remoteInfo = MVVMPOC;
		};
/* End PBXContainerItemProxy section */

/* Begin PBXFileReference section */
		089B6EC821F062C70031916E /* MVVMPOC.app */ = {isa = PBXFileReference; explicitFileType = wrapper.application; includeInIndex = 0; path = MVVMPOC.app; sourceTree = BUILT_PRODUCTS_DIR; };
		089B6ECB21F062C70031916E /* AppDelegate.swift */ = {isa = PBXFileReference; lastKnownFileType = sourcecode.swift; path = AppDelegate.swift; sourceTree = "<group>"; };
		089B6ECD21F062C70031916E /* ViewController.swift */ = {isa = PBXFileReference; lastKnownFileType = sourcecode.swift; path = ViewController.swift; sourceTree = "<group>"; };
		089B6ED021F062C70031916E /* Base */ = {isa = PBXFileReference; lastKnownFileType = file.storyboard; name = Base; path = Base.lproj/Main.storyboard; sourceTree = "<group>"; };
		089B6ED221F062CA0031916E /* Assets.xcassets */ = {isa = PBXFileReference; lastKnownFileType = folder.assetcatalog; path = Assets.xcassets; sourceTree = "<group>"; };
		089B6ED521F062CA0031916E /* Base */ = {isa = PBXFileReference; lastKnownFileType = file.storyboard; name = Base; path = Base.lproj/LaunchScreen.storyboard; sourceTree = "<group>"; };
		089B6ED721F062CA0031916E /* Info.plist */ = {isa = PBXFileReference; lastKnownFileType = text.plist.xml; path = Info.plist; sourceTree = "<group>"; };
		089B6EDC21F062CA0031916E /* MVVMPOCTests.xctest */ = {isa = PBXFileReference; explicitFileType = wrapper.cfbundle; includeInIndex = 0; path = MVVMPOCTests.xctest; sourceTree = BUILT_PRODUCTS_DIR; };
		089B6EE021F062CA0031916E /* MVVMPOCTests.swift */ = {isa = PBXFileReference; lastKnownFileType = sourcecode.swift; path = MVVMPOCTests.swift; sourceTree = "<group>"; };
		089B6EE221F062CA0031916E /* Info.plist */ = {isa = PBXFileReference; lastKnownFileType = text.plist.xml; path = Info.plist; sourceTree = "<group>"; };
		089B6EE721F062CA0031916E /* MVVMPOCUITests.xctest */ = {isa = PBXFileReference; explicitFileType = wrapper.cfbundle; includeInIndex = 0; path = MVVMPOCUITests.xctest; sourceTree = BUILT_PRODUCTS_DIR; };
		089B6EEB21F062CA0031916E /* MVVMPOCUITests.swift */ = {isa = PBXFileReference; lastKnownFileType = sourcecode.swift; path = MVVMPOCUITests.swift; sourceTree = "<group>"; };
		089B6EED21F062CA0031916E /* Info.plist */ = {isa = PBXFileReference; lastKnownFileType = text.plist.xml; path = Info.plist; sourceTree = "<group>"; };
/* End PBXFileReference section */

/* Begin PBXFrameworksBuildPhase section */
		089B6EC521F062C70031916E /* Frameworks */ = {
			isa = PBXFrameworksBuildPhase;
			buildActionMask = 2147483647;
			files = (
			);
			runOnlyForDeploymentPostprocessing = 0;
		};
		089B6ED921F062CA0031916E /* Frameworks */ = {
			isa = PBXFrameworksBuildPhase;
			buildActionMask = 2147483647;
			files = (
			);
			runOnlyForDeploymentPostprocessing = 0;
		};
		089B6EE421F062CA0031916E /* Frameworks */ = {
			isa = PBXFrameworksBuildPhase;
			buildActionMask = 2147483647;
			files = (
			);
			runOnlyForDeploymentPostprocessing = 0;
		};
/* End PBXFrameworksBuildPhase section */

/* Begin PBXGroup section */
		089B6EBF21F062C70031916E = {
			isa = PBXGroup;
			children = (
				089B6ECA21F062C70031916E /* MVVMPOC */,
				089B6EDF21F062CA0031916E /* MVVMPOCTests */,
				089B6EEA21F062CA0031916E /* MVVMPOCUITests */,
				089B6EC921F062C70031916E /* Products */,
			);
			sourceTree = "<group>";
		};
		089B6EC921F062C70031916E /* Products */ = {
			isa = PBXGroup;
			children = (
				089B6EC821F062C70031916E /* MVVMPOC.app */,
				089B6EDC21F062CA0031916E /* MVVMPOCTests.xctest */,
				089B6EE721F062CA0031916E /* MVVMPOCUITests.xctest */,
			);
			name = Products;
			sourceTree = "<group>";
		};
		089B6ECA21F062C70031916E /* MVVMPOC */ = {
			isa = PBXGroup;
			children = (
				089B6ECB21F062C70031916E /* AppDelegate.swift */,
				089B6ECD21F062C70031916E /* ViewController.swift */,
				089B6ECF21F062C70031916E /* Main.storyboard */,
				089B6ED221F062CA0031916E /* Assets.xcassets */,
				089B6ED421F062CA0031916E /* LaunchScreen.storyboard */,
				089B6ED721F062CA0031916E /* Info.plist */,
			);
			path = MVVMPOC;
			sourceTree = "<group>";
		};
		089B6EDF21F062CA0031916E /* MVVMPOCTests */ = {
			isa = PBXGroup;
			children = (
				089B6EE021F062CA0031916E /* MVVMPOCTests.swift */,
				089B6EE221F062CA0031916E /* Info.plist */,
			);
			path = MVVMPOCTests;
			sourceTree = "<group>";
		};
		089B6EEA21F062CA0031916E /* MVVMPOCUITests */ = {
			isa = PBXGroup;
			children = (
				089B6EEB21F062CA0031916E /* MVVMPOCUITests.swift */,
				089B6EED21F062CA0031916E /* Info.plist */,
			);
			path = MVVMPOCUITests;
			sourceTree = "<group>";
		};
/* End PBXGroup section */

/* Begin PBXNativeTarget section */
		089B6EC721F062C70031916E /* MVVMPOC */ = {
			isa = PBXNativeTarget;
			buildConfigurationList = 089B6EF021F062CA0031916E /* Build configuration list for PBXNativeTarget "MVVMPOC" */;
			buildPhases = (
				089B6EC421F062C70031916E /* Sources */,
				089B6EC521F062C70031916E /* Frameworks */,
				089B6EC621F062C70031916E /* Resources */,
			);
			buildRules = (
			);
			dependencies = (
			);
			name = MVVMPOC;
			productName = MVVMPOC;
			productReference = 089B6EC821F062C70031916E /* MVVMPOC.app */;
			productType = "com.apple.product-type.application";
		};
		089B6EDB21F062CA0031916E /* MVVMPOCTests */ = {
			isa = PBXNativeTarget;
			buildConfigurationList = 089B6EF321F062CA0031916E /* Build configuration list for PBXNativeTarget "MVVMPOCTests" */;
			buildPhases = (
				089B6ED821F062CA0031916E /* Sources */,
				089B6ED921F062CA0031916E /* Frameworks */,
				089B6EDA21F062CA0031916E /* Resources */,
			);
			buildRules = (
			);
			dependencies = (
				089B6EDE21F062CA0031916E /* PBXTargetDependency */,
			);
			name = MVVMPOCTests;
			productName = MVVMPOCTests;
			productReference = 089B6EDC21F062CA0031916E /* MVVMPOCTests.xctest */;
			productType = "com.apple.product-type.bundle.unit-test";
		};
		089B6EE621F062CA0031916E /* MVVMPOCUITests */ = {
			isa = PBXNativeTarget;
			buildConfigurationList = 089B6EF621F062CA0031916E /* Build configuration list for PBXNativeTarget "MVVMPOCUITests" */;
			buildPhases = (
				089B6EE321F062CA0031916E /* Sources */,
				089B6EE421F062CA0031916E /* Frameworks */,
				089B6EE521F062CA0031916E /* Resources */,
			);
			buildRules = (
			);
			dependencies = (
				089B6EE921F062CA0031916E /* PBXTargetDependency */,
			);
			name = MVVMPOCUITests;
			productName = MVVMPOCUITests;
			productReference = 089B6EE721F062CA0031916E /* MVVMPOCUITests.xctest */;
			productType = "com.apple.product-type.bundle.ui-testing";
		};
/* End PBXNativeTarget section */

/* Begin PBXProject section */
		089B6EC021F062C70031916E /* Project object */ = {
			isa = PBXProject;
			attributes = {
				LastSwiftUpdateCheck = 1010;
				LastUpgradeCheck = 1010;
				ORGANIZATIONNAME = "CSS CORP";
				TargetAttributes = {
					089B6EC721F062C70031916E = {
						CreatedOnToolsVersion = 10.1;
					};
					089B6EDB21F062CA0031916E = {
						CreatedOnToolsVersion = 10.1;
						TestTargetID = 089B6EC721F062C70031916E;
					};
					089B6EE621F062CA0031916E = {
						CreatedOnToolsVersion = 10.1;
						TestTargetID = 089B6EC721F062C70031916E;
					};
				};
			};
			buildConfigurationList = 089B6EC321F062C70031916E /* Build configuration list for PBXProject "MVVMPOC" */;
			compatibilityVersion = "Xcode 9.3";
			developmentRegion = en;
			hasScannedForEncodings = 0;
			knownRegions = (
				en,
				Base,
			);
			mainGroup = 089B6EBF21F062C70031916E;
			productRefGroup = 089B6EC921F062C70031916E /* Products */;
			projectDirPath = "";
			projectRoot = "";
			targets = (
				089B6EC721F062C70031916E /* MVVMPOC */,
				089B6EDB21F062CA0031916E /* MVVMPOCTests */,
				089B6EE621F062CA0031916E /* MVVMPOCUITests */,
			);
		};
/* End PBXProject section */

/* Begin PBXResourcesBuildPhase section */
		089B6EC621F062C70031916E /* Resources */ = {
			isa = PBXResourcesBuildPhase;
			buildActionMask = 2147483647;
			files = (
				089B6ED621F062CA0031916E /* LaunchScreen.storyboard in Resources */,
				089B6ED321F062CA0031916E /* Assets.xcassets in Resources */,
				089B6ED121F062C70031916E /* Main.storyboard in Resources */,
			);
			runOnlyForDeploymentPostprocessing = 0;
		};
		089B6EDA21F062CA0031916E /* Resources */ = {
			isa = PBXResourcesBuildPhase;
			buildActionMask = 2147483647;
			files = (
			);
			runOnlyForDeploymentPostprocessing = 0;
		};
		089B6EE521F062CA0031916E /* Resources */ = {
			isa = PBXResourcesBuildPhase;
			buildActionMask = 2147483647;
			files = (
			);
			runOnlyForDeploymentPostprocessing = 0;
		};
/* End PBXResourcesBuildPhase section */

/* Begin PBXSourcesBuildPhase section */
		089B6EC421F062C70031916E /* Sources */ = {
			isa = PBXSourcesBuildPhase;
			buildActionMask = 2147483647;
			files = (
				089B6ECE21F062C70031916E /* ViewController.swift in Sources */,
				089B6ECC21F062C70031916E /* AppDelegate.swift in Sources */,
			);
			runOnlyForDeploymentPostprocessing = 0;
		};
		089B6ED821F062CA0031916E /* Sources */ = {
			isa = PBXSourcesBuildPhase;
			buildActionMask = 2147483647;
			files = (
				089B6EE121F062CA0031916E /* MVVMPOCTests.swift in Sources */,
			);
			runOnlyForDeploymentPostprocessing = 0;
		};
		089B6EE321F062CA0031916E /* Sources */ = {
			isa = PBXSourcesBuildPhase;
			buildActionMask = 2147483647;
			files = (
				089B6EEC21F062CA0031916E /* MVVMPOCUITests.swift in Sources */,
			);
			runOnlyForDeploymentPostprocessing = 0;
		};
/* End PBXSourcesBuildPhase section */

/* Begin PBXTargetDependency section */
		089B6EDE21F062CA0031916E /* PBXTargetDependency */ = {
			isa = PBXTargetDependency;
			target = 089B6EC721F062C70031916E /* MVVMPOC */;
			targetProxy = 089B6EDD21F062CA0031916E /* PBXContainerItemProxy */;
		};
		089B6EE921F062CA0031916E /* PBXTargetDependency */ = {
			isa = PBXTargetDependency;
			target = 089B6EC721F062C70031916E /* MVVMPOC */;
			targetProxy = 089B6EE821F062CA0031916E /* PBXContainerItemProxy */;
		};
/* End PBXTargetDependency section */

/* Begin PBXVariantGroup section */
		089B6ECF21F062C70031916E /* Main.storyboard */ = {
			isa = PBXVariantGroup;
			children = (
				089B6ED021F062C70031916E /* Base */,
			);
			name = Main.storyboard;
			sourceTree = "<group>";
		};
		089B6ED421F062CA0031916E /* LaunchScreen.storyboard */ = {
			isa = PBXVariantGroup;
			children = (
				089B6ED521F062CA0031916E /* Base */,
			);
			name = LaunchScreen.storyboard;
			sourceTree = "<group>";
		};
/* End PBXVariantGroup section */

/* Begin XCBuildConfiguration section */
		089B6EEE21F062CA0031916E /* Debug */ = {
			isa = XCBuildConfiguration;
			buildSettings = {
				ALWAYS_SEARCH_USER_PATHS = NO;
				CLANG_ANALYZER_NONNULL = YES;
				CLANG_ANALYZER_NUMBER_OBJECT_CONVERSION = YES_AGGRESSIVE;
				CLANG_CXX_LANGUAGE_STANDARD = "gnu++14";
				CLANG_CXX_LIBRARY = "libc++";
				CLANG_ENABLE_MODULES = YES;
				CLANG_ENABLE_OBJC_ARC = YES;
				CLANG_ENABLE_OBJC_WEAK = YES;
				CLANG_WARN_BLOCK_CAPTURE_AUTORELEASING = YES;
				CLANG_WARN_BOOL_CONVERSION = YES;
				CLANG_WARN_COMMA = YES;
				CLANG_WARN_CONSTANT_CONVERSION = YES;
				CLANG_WARN_DEPRECATED_OBJC_IMPLEMENTATIONS = YES;
				CLANG_WARN_DIRECT_OBJC_ISA_USAGE = YES_ERROR;
				CLANG_WARN_DOCUMENTATION_COMMENTS = YES;
				CLANG_WARN_EMPTY_BODY = YES;
				CLANG_WARN_ENUM_CONVERSION = YES;
				CLANG_WARN_INFINITE_RECURSION = YES;
				CLANG_WARN_INT_CONVERSION = YES;
				CLANG_WARN_NON_LITERAL_NULL_CONVERSION = YES;
				CLANG_WARN_OBJC_IMPLICIT_RETAIN_SELF = YES;
				CLANG_WARN_OBJC_LITERAL_CONVERSION = YES;
				CLANG_WARN_OBJC_ROOT_CLASS = YES_ERROR;
				CLANG_WARN_RANGE_LOOP_ANALYSIS = YES;
				CLANG_WARN_STRICT_PROTOTYPES = YES;
				CLANG_WARN_SUSPICIOUS_MOVE = YES;
				CLANG_WARN_UNGUARDED_AVAILABILITY = YES_AGGRESSIVE;
				CLANG_WARN_UNREACHABLE_CODE = YES;
				CLANG_WARN__DUPLICATE_METHOD_MATCH = YES;
				CODE_SIGN_IDENTITY = "iPhone Developer";
				COPY_PHASE_STRIP = NO;
				DEBUG_INFORMATION_FORMAT = dwarf;
				ENABLE_STRICT_OBJC_MSGSEND = YES;
				ENABLE_TESTABILITY = YES;
				GCC_C_LANGUAGE_STANDARD = gnu11;
				GCC_DYNAMIC_NO_PIC = NO;
				GCC_NO_COMMON_BLOCKS = YES;
				GCC_OPTIMIZATION_LEVEL = 0;
				GCC_PREPROCESSOR_DEFINITIONS = (
					"DEBUG=1",
					"$(inherited)",
				);
				GCC_WARN_64_TO_32_BIT_CONVERSION = YES;
				GCC_WARN_ABOUT_RETURN_TYPE = YES_ERROR;
				GCC_WARN_UNDECLARED_SELECTOR = YES;
				GCC_WARN_UNINITIALIZED_AUTOS = YES_AGGRESSIVE;
				GCC_WARN_UNUSED_FUNCTION = YES;
				GCC_WARN_UNUSED_VARIABLE = YES;
				IPHONEOS_DEPLOYMENT_TARGET = 12.1;
				MTL_ENABLE_DEBUG_INFO = INCLUDE_SOURCE;
				MTL_FAST_MATH = YES;
				ONLY_ACTIVE_ARCH = YES;
				SDKROOT = iphoneos;
				SWIFT_ACTIVE_COMPILATION_CONDITIONS = DEBUG;
				SWIFT_OPTIMIZATION_LEVEL = "-Onone";
			};
			name = Debug;
		};
		089B6EEF21F062CA0031916E /* Release */ = {
			isa = XCBuildConfiguration;
			buildSettings = {
				ALWAYS_SEARCH_USER_PATHS = NO;
				CLANG_ANALYZER_NONNULL = YES;
				CLANG_ANALYZER_NUMBER_OBJECT_CONVERSION = YES_AGGRESSIVE;
				CLANG_CXX_LANGUAGE_STANDARD = "gnu++14";
				CLANG_CXX_LIBRARY = "libc++";
				CLANG_ENABLE_MODULES = YES;
				CLANG_ENABLE_OBJC_ARC = YES;
				CLANG_ENABLE_OBJC_WEAK = YES;
				CLANG_WARN_BLOCK_CAPTURE_AUTORELEASING = YES;
				CLANG_WARN_BOOL_CONVERSION = YES;
				CLANG_WARN_COMMA = YES;
				CLANG_WARN_CONSTANT_CONVERSION = YES;
				CLANG_WARN_DEPRECATED_OBJC_IMPLEMENTATIONS = YES;
				CLANG_WARN_DIRECT_OBJC_ISA_USAGE = YES_ERROR;
				CLANG_WARN_DOCUMENTATION_COMMENTS = YES;
				CLANG_WARN_EMPTY_BODY = YES;
				CLANG_WARN_ENUM_CONVERSION = YES;
				CLANG_WARN_INFINITE_RECURSION = YES;
				CLANG_WARN_INT_CONVERSION = YES;
				CLANG_WARN_NON_LITERAL_NULL_CONVERSION = YES;
				CLANG_WARN_OBJC_IMPLICIT_RETAIN_SELF = YES;
				CLANG_WARN_OBJC_LITERAL_CONVERSION = YES;
				CLANG_WARN_OBJC_ROOT_CLASS = YES_ERROR;
				CLANG_WARN_RANGE_LOOP_ANALYSIS = YES;
				CLANG_WARN_STRICT_PROTOTYPES = YES;
				CLANG_WARN_SUSPICIOUS_MOVE = YES;
				CLANG_WARN_UNGUARDED_AVAILABILITY = YES_AGGRESSIVE;
				CLANG_WARN_UNREACHABLE_CODE = YES;
				CLANG_WARN__DUPLICATE_METHOD_MATCH = YES;
				CODE_SIGN_IDENTITY = "iPhone Developer";
				COPY_PHASE_STRIP = NO;
				DEBUG_INFORMATION_FORMAT = "dwarf-with-dsym";
				ENABLE_NS_ASSERTIONS = NO;
				ENABLE_STRICT_OBJC_MSGSEND = YES;
				GCC_C_LANGUAGE_STANDARD = gnu11;
				GCC_NO_COMMON_BLOCKS = YES;
				GCC_WARN_64_TO_32_BIT_CONVERSION = YES;
				GCC_WARN_ABOUT_RETURN_TYPE = YES_ERROR;
				GCC_WARN_UNDECLARED_SELECTOR = YES;
				GCC_WARN_UNINITIALIZED_AUTOS = YES_AGGRESSIVE;
				GCC_WARN_UNUSED_FUNCTION = YES;
				GCC_WARN_UNUSED_VARIABLE = YES;
				IPHONEOS_DEPLOYMENT_TARGET = 12.1;
				MTL_ENABLE_DEBUG_INFO = NO;
				MTL_FAST_MATH = YES;
				SDKROOT = iphoneos;
				SWIFT_COMPILATION_MODE = wholemodule;
				SWIFT_OPTIMIZATION_LEVEL = "-O";
				VALIDATE_PRODUCT = YES;
			};
			name = Release;
		};
		089B6EF121F062CA0031916E /* Debug */ = {
			isa = XCBuildConfiguration;
			buildSettings = {
				ASSETCATALOG_COMPILER_APPICON_NAME = AppIcon;
				CODE_SIGN_STYLE = Automatic;
				DEVELOPMENT_TEAM = XNVAQEPBFV;
				INFOPLIST_FILE = MVVMPOC/Info.plist;
				LD_RUNPATH_SEARCH_PATHS = (
					"$(inherited)",
					"@executable_path/Frameworks",
				);
				PRODUCT_BUNDLE_IDENTIFIER = com.csscorp.MVVMPOC;
				PRODUCT_NAME = "$(TARGET_NAME)";
				SWIFT_VERSION = 4.2;
				TARGETED_DEVICE_FAMILY = "1,2";
			};
			name = Debug;
		};
		089B6EF221F062CA0031916E /* Release */ = {
			isa = XCBuildConfiguration;
			buildSettings = {
				ASSETCATALOG_COMPILER_APPICON_NAME = AppIcon;
				CODE_SIGN_STYLE = Automatic;
				DEVELOPMENT_TEAM = XNVAQEPBFV;
				INFOPLIST_FILE = MVVMPOC/Info.plist;
				LD_RUNPATH_SEARCH_PATHS = (
					"$(inherited)",
					"@executable_path/Frameworks",
				);
				PRODUCT_BUNDLE_IDENTIFIER = com.csscorp.MVVMPOC;
				PRODUCT_NAME = "$(TARGET_NAME)";
				SWIFT_VERSION = 4.2;
				TARGETED_DEVICE_FAMILY = "1,2";
			};
			name = Release;
		};
		089B6EF421F062CA0031916E /* Debug */ = {
			isa = XCBuildConfiguration;
			buildSettings = {
				ALWAYS_EMBED_SWIFT_STANDARD_LIBRARIES = YES;
				BUNDLE_LOADER = "$(TEST_HOST)";
				CODE_SIGN_STYLE = Automatic;
				DEVELOPMENT_TEAM = XNVAQEPBFV;
				INFOPLIST_FILE = MVVMPOCTests/Info.plist;
				LD_RUNPATH_SEARCH_PATHS = (
					"$(inherited)",
					"@executable_path/Frameworks",
					"@loader_path/Frameworks",
				);
				PRODUCT_BUNDLE_IDENTIFIER = com.csscorp.MVVMPOCTests;
				PRODUCT_NAME = "$(TARGET_NAME)";
				SWIFT_VERSION = 4.2;
				TARGETED_DEVICE_FAMILY = "1,2";
				TEST_HOST = "$(BUILT_PRODUCTS_DIR)/MVVMPOC.app/MVVMPOC";
			};
			name = Debug;
		};
		089B6EF521F062CA0031916E /* Release */ = {
			isa = XCBuildConfiguration;
			buildSettings = {
				ALWAYS_EMBED_SWIFT_STANDARD_LIBRARIES = YES;
				BUNDLE_LOADER = "$(TEST_HOST)";
				CODE_SIGN_STYLE = Automatic;
				DEVELOPMENT_TEAM = XNVAQEPBFV;
				INFOPLIST_FILE = MVVMPOCTests/Info.plist;
				LD_RUNPATH_SEARCH_PATHS = (
					"$(inherited)",
					"@executable_path/Frameworks",
					"@loader_path/Frameworks",
				);
				PRODUCT_BUNDLE_IDENTIFIER = com.csscorp.MVVMPOCTests;
				PRODUCT_NAME = "$(TARGET_NAME)";
				SWIFT_VERSION = 4.2;
				TARGETED_DEVICE_FAMILY = "1,2";
				TEST_HOST = "$(BUILT_PRODUCTS_DIR)/MVVMPOC.app/MVVMPOC";
			};
			name = Release;
		};
		089B6EF721F062CA0031916E /* Debug */ = {
			isa = XCBuildConfiguration;
			buildSettings = {
				ALWAYS_EMBED_SWIFT_STANDARD_LIBRARIES = YES;
				CODE_SIGN_STYLE = Automatic;
				DEVELOPMENT_TEAM = XNVAQEPBFV;
				INFOPLIST_FILE = MVVMPOCUITests/Info.plist;
				LD_RUNPATH_SEARCH_PATHS = (
					"$(inherited)",
					"@executable_path/Frameworks",
					"@loader_path/Frameworks",
				);
				PRODUCT_BUNDLE_IDENTIFIER = com.csscorp.MVVMPOCUITests;
				PRODUCT_NAME = "$(TARGET_NAME)";
				SWIFT_VERSION = 4.2;
				TARGETED_DEVICE_FAMILY = "1,2";
				TEST_TARGET_NAME = MVVMPOC;
			};
			name = Debug;
		};
		089B6EF821F062CA0031916E /* Release */ = {
			isa = XCBuildConfiguration;
			buildSettings = {
				ALWAYS_EMBED_SWIFT_STANDARD_LIBRARIES = YES;
				CODE_SIGN_STYLE = Automatic;
				DEVELOPMENT_TEAM = XNVAQEPBFV;
				INFOPLIST_FILE = MVVMPOCUITests/Info.plist;
				LD_RUNPATH_SEARCH_PATHS = (
					"$(inherited)",
					"@executable_path/Frameworks",
					"@loader_path/Frameworks",
				);
				PRODUCT_BUNDLE_IDENTIFIER = com.csscorp.MVVMPOCUITests;
				PRODUCT_NAME = "$(TARGET_NAME)";
				SWIFT_VERSION = 4.2;
				TARGETED_DEVICE_FAMILY = "1,2";
				TEST_TARGET_NAME = MVVMPOC;
			};
			name = Release;
		};
/* End XCBuildConfiguration section */

/* Begin XCConfigurationList section */
		089B6EC321F062C70031916E /* Build configuration list for PBXProject "MVVMPOC" */ = {
			isa = XCConfigurationList;
			buildConfigurations = (
				089B6EEE21F062CA0031916E /* Debug */,
				089B6EEF21F062CA0031916E /* Release */,
			);
			defaultConfigurationIsVisible = 0;
			defaultConfigurationName = Release;
		};
		089B6EF021F062CA0031916E /* Build configuration list for PBXNativeTarget "MVVMPOC" */ = {
			isa = XCConfigurationList;
			buildConfigurations = (
				089B6EF121F062CA0031916E /* Debug */,
				089B6EF221F062CA0031916E /* Release */,
			);
			defaultConfigurationIsVisible = 0;
			defaultConfigurationName = Release;
		};
		089B6EF321F062CA0031916E /* Build configuration list for PBXNativeTarget "MVVMPOCTests" */ = {
			isa = XCConfigurationList;
			buildConfigurations = (
				089B6EF421F062CA0031916E /* Debug */,
				089B6EF521F062CA0031916E /* Release */,
			);
			defaultConfigurationIsVisible = 0;
			defaultConfigurationName = Release;
		};
		089B6EF621F062CA0031916E /* Build configuration list for PBXNativeTarget "MVVMPOCUITests" */ = {
			isa = XCConfigurationList;
			buildConfigurations = (
				089B6EF721F062CA0031916E /* Debug */,
				089B6EF821F062CA0031916E /* Release */,
			);
			defaultConfigurationIsVisible = 0;
			defaultConfigurationName = Release;
		};
/* End XCConfigurationList section */
	};
	rootObject = 089B6EC021F062C70031916E /* Project object */;
}
